
Microsoft Visual Studio Solution File, Format Version 12.00
# Visual Studio Version 17
VisualStudioVersion = 17.5.33530.505
MinimumVisualStudioVersion = 10.0.40219.1
Project("{FAE04EC0-301F-11D3-BF4B-00C04F79EFBC}") = "ReportingFunction", "ReportingFunction\ReportingFunction.csproj", "{31FF21B6-47AE-45A0-B3BD-FB354F143429}"
EndProject
Project("{FAE04EC0-301F-11D3-BF4B-00C04F79EFBC}") = "ReportingAI.Core", "ReportingAI.Core\ReportingAI.Core.csproj", "{FFD873A7-9E20-4460-9986-0E3314AD719B}"
EndProject
Global
	GlobalSection(SolutionConfigurationPlatforms) = preSolution
		Debug|Any CPU = Debug|Any CPU
		Release|Any CPU = Release|Any CPU
	EndGlobalSection
	GlobalSection(ProjectConfigurationPlatforms) = postSolution
		{31FF21B6-47AE-45A0-B3BD-FB354F143429}.Debug|Any CPU.ActiveCfg = Debug|Any CPU
		{31FF21B6-47AE-45A0-B3BD-FB354F143429}.Debug|Any CPU.Build.0 = Debug|Any CPU
		{31FF21B6-47AE-45A0-B3BD-FB354F143429}.Release|Any CPU.ActiveCfg = Release|Any CPU
		{31FF21B6-47AE-45A0-B3BD-FB354F143429}.Release|Any CPU.Build.0 = Release|Any CPU
		{FFD873A7-9E20-4460-9986-0E3314AD719B}.Debug|Any CPU.ActiveCfg = Debug|Any CPU
		{FFD873A7-9E20-4460-9986-0E3314AD719B}.Debug|Any CPU.Build.0 = Debug|Any CPU
		{FFD873A7-9E20-4460-9986-0E3314AD719B}.Release|Any CPU.ActiveCfg = Release|Any CPU
		{FFD873A7-9E20-4460-9986-0E3314AD719B}.Release|Any CPU.Build.0 = Release|Any CPU
	EndGlobalSection
	GlobalSection(SolutionProperties) = preSolution
		HideSolutionNode = FALSE
	EndGlobalSection
	GlobalSection(ExtensibilityGlobals) = postSolution
		SolutionGuid = {BA180996-E745-4519-B18B-A40FB96AB0E9}
	EndGlobalSection
EndGlobal
